
Microsoft Visual Studio Solution File, Format Version 12.00
# Visual Studio Version 17
VisualStudioVersion = 17.3.32825.248
MinimumVisualStudioVersion = 10.0.40219.1
Project("{FAE04EC0-301F-11D3-BF4B-00C04F79EFBC}") = "Spg-Shopify.Domain", "Spg-Shopify.Domain\Spg-Shopify.Domain.csproj", "{53433323-AC75-4422-A4C1-AE6F9C3066E6}"
EndProject
Global
	GlobalSection(SolutionConfigurationPlatforms) = preSolution
		Debug|Any CPU = Debug|Any CPU
		Release|Any CPU = Release|Any CPU
	EndGlobalSection
	GlobalSection(ProjectConfigurationPlatforms) = postSolution
		{53433323-AC75-4422-A4C1-AE6F9C3066E6}.Debug|Any CPU.ActiveCfg = Debug|Any CPU
		{53433323-AC75-4422-A4C1-AE6F9C3066E6}.Debug|Any CPU.Build.0 = Debug|Any CPU
		{53433323-AC75-4422-A4C1-AE6F9C3066E6}.Release|Any CPU.ActiveCfg = Release|Any CPU
		{53433323-AC75-4422-A4C1-AE6F9C3066E6}.Release|Any CPU.Build.0 = Release|Any CPU
	EndGlobalSection
	GlobalSection(SolutionProperties) = preSolution
		HideSolutionNode = FALSE
	EndGlobalSection
	GlobalSection(ExtensibilityGlobals) = postSolution
		SolutionGuid = {A86A7960-9881-49FB-BD14-E2B3809B004F}
	EndGlobalSection
EndGlobal
