
Microsoft Visual Studio Solution File, Format Version 12.00
# Visual Studio Version 17
VisualStudioVersion = 17.3.32825.248
MinimumVisualStudioVersion = 10.0.40219.1
Project("{FAE04EC0-301F-11D3-BF4B-00C04F79EFBC}") = "ExCollextions.App", "ExCollextions.App\ExCollextions.App.csproj", "{FB35652C-CC30-4D57-AA8F-D9A20331F854}"
EndProject
Global
	GlobalSection(SolutionConfigurationPlatforms) = preSolution
		Debug|Any CPU = Debug|Any CPU
		Release|Any CPU = Release|Any CPU
	EndGlobalSection
	GlobalSection(ProjectConfigurationPlatforms) = postSolution
		{FB35652C-CC30-4D57-AA8F-D9A20331F854}.Debug|Any CPU.ActiveCfg = Debug|Any CPU
		{FB35652C-CC30-4D57-AA8F-D9A20331F854}.Debug|Any CPU.Build.0 = Debug|Any CPU
		{FB35652C-CC30-4D57-AA8F-D9A20331F854}.Release|Any CPU.ActiveCfg = Release|Any CPU
		{FB35652C-CC30-4D57-AA8F-D9A20331F854}.Release|Any CPU.Build.0 = Release|Any CPU
	EndGlobalSection
	GlobalSection(SolutionProperties) = preSolution
		HideSolutionNode = FALSE
	EndGlobalSection
	GlobalSection(ExtensibilityGlobals) = postSolution
		SolutionGuid = {BA9219C2-6FDF-4DE0-8110-D7B967C90B7A}
	EndGlobalSection
EndGlobal
